
Microsoft Visual Studio Solution File, Format Version 12.00
# Visual Studio Version 16
VisualStudioVersion = 16.0.30804.86
MinimumVisualStudioVersion = 10.0.40219.1
Project("{FAE04EC0-301F-11D3-BF4B-00C04F79EFBC}") = "WebGameMVC", "WebGameMVC\WebGameMVC.csproj", "{AEAEAFA1-E2B2-4090-959B-64C75757683D}"
EndProject
Global
	GlobalSection(SolutionConfigurationPlatforms) = preSolution
		Debug|Any CPU = Debug|Any CPU
		Release|Any CPU = Release|Any CPU
	EndGlobalSection
	GlobalSection(ProjectConfigurationPlatforms) = postSolution
		{AEAEAFA1-E2B2-4090-959B-64C75757683D}.Debug|Any CPU.ActiveCfg = Debug|Any CPU
		{AEAEAFA1-E2B2-4090-959B-64C75757683D}.Debug|Any CPU.Build.0 = Debug|Any CPU
		{AEAEAFA1-E2B2-4090-959B-64C75757683D}.Release|Any CPU.ActiveCfg = Release|Any CPU
		{AEAEAFA1-E2B2-4090-959B-64C75757683D}.Release|Any CPU.Build.0 = Release|Any CPU
	EndGlobalSection
	GlobalSection(SolutionProperties) = preSolution
		HideSolutionNode = FALSE
	EndGlobalSection
	GlobalSection(ExtensibilityGlobals) = postSolution
		SolutionGuid = {C12A08B5-8F90-4717-9F2B-EBB4E237C30D}
	EndGlobalSection
EndGlobal
